# This file is autogenerated, do not edit; changes may be undone by the next 'dep ensure'.


[[projects]]
  digest = "1:573fa46f8d413d4bc3f7cc5e86b2c43cb21559f4fb0a19d9874d228e28fdc07c"
  name = "github.com/PuerkitoBio/goquery"
  packages = ["."]
  pruneopts = "UT"
  revision = "2d2796f41742ece03e8086188fa4db16a3a0b458"
  version = "v1.5.0"

[[projects]]
  digest = "1:24ffaa1636eba8f0cfc7671121d05a9a2040605adb1927a93be88fbc2ea6cfdb"
  name = "github.com/andybalholm/cascadia"
  packages = ["."]
  pruneopts = "UT"
  revision = "b69f6c92dfc187ebfe3914df716c2647a3af0ba0"
  version = "v1.1.0"

[[projects]]
  digest = "1:38ec74012390146c45af1f92d46e5382b50531247929ff3a685d2b2be65155ac"
  name = "github.com/gomodule/redigo"
  packages = [
    "internal",
    "redis",
  ]
  pruneopts = "UT"
  revision = "9c11da706d9b7902c6da69c592f75637793fe121"
  version = "v2.0.0"

[[projects]]
  digest = "1:e7971bcafd2257eaf2eb0a7f40c89d73c5ed736ddd34b833590d4787ae148c20"
  name = "github.com/stackimpact/stackimpact-go"
  packages = [
    ".",
    "internal",
    "internal/pprof/profile",
  ]
  pruneopts = "UT"
  revision = "38d4d54fed89839b8ac89220b486ae4af12dd621"
  version = "v2.3.10"

[[projects]]
  branch = "master"
  digest = "1:b8452b9dd3afbfa5bab8b2c01977fb3ae0ef120a4187a06bc5903fceaa0af905"
  name = "golang.org/x/net"
  packages = [
    "html",
    "html/atom",
  ]
  pruneopts = "UT"
  revision = "e7e4b65ae66375ec1e85afc8e6b9b4933ae4da81"

[solve-meta]
  analyzer-name = "dep"
  analyzer-version = 1
  input-imports = [
    "github.com/PuerkitoBio/goquery",
    "github.com/gomodule/redigo/redis",
    "github.com/stackimpact/stackimpact-go",
  ]
  solver-name = "gps-cdcl"
  solver-version = 1
